// !$*UTF8*$!
{
	archiveVersion = 1;
	classes = {
	};
	objectVersion = 52;
	objects = {

/* Begin PBXBuildFile section */
		5C3F067D25E66B3300FE1CEE /* RealmConfig.swift in Sources */ = {isa = PBXBuildFile; fileRef = 5C3F067C25E66B3300FE1CEE /* RealmConfig.swift */; };
		5C3F069025E6703E00FE1CEE /* PokemonDB.swift in Sources */ = {isa = PBXBuildFile; fileRef = 5C3F068F25E6703E00FE1CEE /* PokemonDB.swift */; };
		5C3F069625E670C700FE1CEE /* PokemonEntity.swift in Sources */ = {isa = PBXBuildFile; fileRef = 5C3F069525E670C700FE1CEE /* PokemonEntity.swift */; };
		5C3F069C25E674CF00FE1CEE /* Realm.swift in Sources */ = {isa = PBXBuildFile; fileRef = 5C3F069B25E674CF00FE1CEE /* Realm.swift */; };
		5C3F06B825E68D3200FE1CEE /* SearchBar.swift in Sources */ = {isa = PBXBuildFile; fileRef = 5C3F06B725E68D3200FE1CEE /* SearchBar.swift */; };
		5C3F06BE25E6974300FE1CEE /* EmptyStateView.swift in Sources */ = {isa = PBXBuildFile; fileRef = 5C3F06BD25E6974300FE1CEE /* EmptyStateView.swift */; };
		5C6375B825E69FF800C2DD87 /* GenerationViewModel.swift in Sources */ = {isa = PBXBuildFile; fileRef = 5CA0D7DC25E4379600C3AB17 /* GenerationViewModel.swift */; };
		5C6375BC25E6A02F00C2DD87 /* Generation.swift in Sources */ = {isa = PBXBuildFile; fileRef = 5CA0D84D25E4458600C3AB17 /* Generation.swift */; };
		5C6375C025E6A03400C2DD87 /* Region.swift in Sources */ = {isa = PBXBuildFile; fileRef = 5CA0D86325E449F800C3AB17 /* Region.swift */; };
		5C6375C425E6A04600C2DD87 /* Language.swift in Sources */ = {isa = PBXBuildFile; fileRef = 5CA0D85625E447AD00C3AB17 /* Language.swift */; };
		5C6375C825E6A04C00C2DD87 /* Pokemon.swift in Sources */ = {isa = PBXBuildFile; fileRef = 5CA0D83B25E4415F00C3AB17 /* Pokemon.swift */; };
		5C6375CC25E6A0F600C2DD87 /* PokemonDB.swift in Sources */ = {isa = PBXBuildFile; fileRef = 5C3F068F25E6703E00FE1CEE /* PokemonDB.swift */; };
		5C6375D325E6A54900C2DD87 /* GenerationSegment.swift in Sources */ = {isa = PBXBuildFile; fileRef = 5C638E1F25E528BC0024E63F /* GenerationSegment.swift */; };
		5C6375D725E6A54B00C2DD87 /* PokemonSegment.swift in Sources */ = {isa = PBXBuildFile; fileRef = 5C638E6225E569840024E63F /* PokemonSegment.swift */; };
		5C6375DB25E6A58200C2DD87 /* PokemonDetail.swift in Sources */ = {isa = PBXBuildFile; fileRef = 5C638E3525E53F4D0024E63F /* PokemonDetail.swift */; };
		5C6375DF25E6A58B00C2DD87 /* TypeColor.swift in Sources */ = {isa = PBXBuildFile; fileRef = 5C638E4125E548550024E63F /* TypeColor.swift */; };
		5C6375E325E6A58D00C2DD87 /* Move.swift in Sources */ = {isa = PBXBuildFile; fileRef = 5C638E5D25E55BC70024E63F /* Move.swift */; };
		5C6375EF25E6B2F000C2DD87 /* GenerationClient.swift in Sources */ = {isa = PBXBuildFile; fileRef = 5CA0D84825E443E700C3AB17 /* GenerationClient.swift */; };
		5C6375F325E6B2F600C2DD87 /* APIClient.swift in Sources */ = {isa = PBXBuildFile; fileRef = 5CA0D84125E4421A00C3AB17 /* APIClient.swift */; };
		5C63760325E6BE8B00C2DD87 /* GenerationViewModelTests.swift in Sources */ = {isa = PBXBuildFile; fileRef = 5C63760225E6BE8B00C2DD87 /* GenerationViewModelTests.swift */; };
		5C638E0D25E51BE30024E63F /* Pokemon Hollow.ttf in Resources */ = {isa = PBXBuildFile; fileRef = 5C638E0B25E51BE30024E63F /* Pokemon Hollow.ttf */; };
		5C638E0E25E51BE30024E63F /* Pokemon Solid.ttf in Resources */ = {isa = PBXBuildFile; fileRef = 5C638E0C25E51BE30024E63F /* Pokemon Solid.ttf */; };
		5C638E2025E528BC0024E63F /* GenerationSegment.swift in Sources */ = {isa = PBXBuildFile; fileRef = 5C638E1F25E528BC0024E63F /* GenerationSegment.swift */; };
		5C638E2925E537900024E63F /* PokemonDetailView.swift in Sources */ = {isa = PBXBuildFile; fileRef = 5C638E2825E537900024E63F /* PokemonDetailView.swift */; };
		5C638E3125E53EBD0024E63F /* PokemonDetailViewModel.swift in Sources */ = {isa = PBXBuildFile; fileRef = 5C638E3025E53EBD0024E63F /* PokemonDetailViewModel.swift */; };
		5C638E3625E53F4D0024E63F /* PokemonDetail.swift in Sources */ = {isa = PBXBuildFile; fileRef = 5C638E3525E53F4D0024E63F /* PokemonDetail.swift */; };
		5C638E3C25E544C30024E63F /* PokemonClient.swift in Sources */ = {isa = PBXBuildFile; fileRef = 5C638E3B25E544C30024E63F /* PokemonClient.swift */; };
		5C638E4225E548550024E63F /* TypeColor.swift in Sources */ = {isa = PBXBuildFile; fileRef = 5C638E4125E548550024E63F /* TypeColor.swift */; };
		5C638E4825E553430024E63F /* String.swift in Sources */ = {isa = PBXBuildFile; fileRef = 5C638E4725E553430024E63F /* String.swift */; };
		5C638E5425E55B460024E63F /* MoveView.swift in Sources */ = {isa = PBXBuildFile; fileRef = 5C638E5325E55B460024E63F /* MoveView.swift */; };
		5C638E5925E55B580024E63F /* MoveViewModel.swift in Sources */ = {isa = PBXBuildFile; fileRef = 5C638E5825E55B580024E63F /* MoveViewModel.swift */; };
		5C638E5E25E55BC70024E63F /* Move.swift in Sources */ = {isa = PBXBuildFile; fileRef = 5C638E5D25E55BC70024E63F /* Move.swift */; };
		5C638E6325E569840024E63F /* PokemonSegment.swift in Sources */ = {isa = PBXBuildFile; fileRef = 5C638E6225E569840024E63F /* PokemonSegment.swift */; };
		5C638E6925E57B4C0024E63F /* Device.swift in Sources */ = {isa = PBXBuildFile; fileRef = 5C638E6825E57B4C0024E63F /* Device.swift */; };
		5C638E7725E5888C0024E63F /* Realm in Frameworks */ = {isa = PBXBuildFile; productRef = 5C638E7625E5888C0024E63F /* Realm */; };
		5C638E7925E5888C0024E63F /* RealmSwift in Frameworks */ = {isa = PBXBuildFile; productRef = 5C638E7825E5888C0024E63F /* RealmSwift */; };
		5C638E7F25E589110024E63F /* VoteView.swift in Sources */ = {isa = PBXBuildFile; fileRef = 5C638E7E25E589110024E63F /* VoteView.swift */; };
		5C638E8825E5893B0024E63F /* PokeCardView.swift in Sources */ = {isa = PBXBuildFile; fileRef = 5C638E8725E5893B0024E63F /* PokeCardView.swift */; };
		5C638E8D25E58C440024E63F /* PokeCardViewModel.swift in Sources */ = {isa = PBXBuildFile; fileRef = 5C638E8C25E58C440024E63F /* PokeCardViewModel.swift */; };
		5C638E9225E58FC40024E63F /* VoteViewModel.swift in Sources */ = {isa = PBXBuildFile; fileRef = 5C638E9125E58FC40024E63F /* VoteViewModel.swift */; };
		5C638E9825E591920024E63F /* Collection.swift in Sources */ = {isa = PBXBuildFile; fileRef = 5C638E9725E591920024E63F /* Collection.swift */; };
		5C922FAA25E436C100CF70E2 /* AppDelegate.swift in Sources */ = {isa = PBXBuildFile; fileRef = 5C922FA925E436C100CF70E2 /* AppDelegate.swift */; };
		5C922FAC25E436C100CF70E2 /* SceneDelegate.swift in Sources */ = {isa = PBXBuildFile; fileRef = 5C922FAB25E436C100CF70E2 /* SceneDelegate.swift */; };
		5C922FCC25E436C200CF70E2 /* CondorLabsUITests.swift in Sources */ = {isa = PBXBuildFile; fileRef = 5C922FCB25E436C200CF70E2 /* CondorLabsUITests.swift */; };
		5CA0D7E225E4379600C3AB17 /* NavigationModifier.swift in Sources */ = {isa = PBXBuildFile; fileRef = 5CA0D7D725E4379600C3AB17 /* NavigationModifier.swift */; };
		5CA0D7E325E4379600C3AB17 /* Font.swift in Sources */ = {isa = PBXBuildFile; fileRef = 5CA0D7D925E4379600C3AB17 /* Font.swift */; };
		5CA0D7E425E4379600C3AB17 /* GenerationView.swift in Sources */ = {isa = PBXBuildFile; fileRef = 5CA0D7DB25E4379600C3AB17 /* GenerationView.swift */; };
		5CA0D7E525E4379600C3AB17 /* GenerationViewModel.swift in Sources */ = {isa = PBXBuildFile; fileRef = 5CA0D7DC25E4379600C3AB17 /* GenerationViewModel.swift */; };
		5CA0D7E625E4379600C3AB17 /* Constant.swift in Sources */ = {isa = PBXBuildFile; fileRef = 5CA0D7DE25E4379600C3AB17 /* Constant.swift */; };
		5CA0D7E725E4379600C3AB17 /* Color.swift in Sources */ = {isa = PBXBuildFile; fileRef = 5CA0D7E125E4379600C3AB17 /* Color.swift */; };
		5CA0D7F925E4384A00C3AB17 /* Launch Screen.storyboard in Resources */ = {isa = PBXBuildFile; fileRef = 5CA0D7F725E4384A00C3AB17 /* Launch Screen.storyboard */; };
		5CA0D80125E4386900C3AB17 /* Assets.xcassets in Resources */ = {isa = PBXBuildFile; fileRef = 5CA0D80025E4386900C3AB17 /* Assets.xcassets */; };
		5CA0D81225E4389200C3AB17 /* Roboto-Medium.ttf in Resources */ = {isa = PBXBuildFile; fileRef = 5CA0D80925E4389100C3AB17 /* Roboto-Medium.ttf */; };
		5CA0D81325E4389200C3AB17 /* Roboto-Light.ttf in Resources */ = {isa = PBXBuildFile; fileRef = 5CA0D80A25E4389200C3AB17 /* Roboto-Light.ttf */; };
		5CA0D81425E4389200C3AB17 /* Roboto-Regular.ttf in Resources */ = {isa = PBXBuildFile; fileRef = 5CA0D80B25E4389200C3AB17 /* Roboto-Regular.ttf */; };
		5CA0D81525E4389200C3AB17 /* FuturaMediumBT.ttf in Resources */ = {isa = PBXBuildFile; fileRef = 5CA0D80C25E4389200C3AB17 /* FuturaMediumBT.ttf */; };
		5CA0D81625E4389200C3AB17 /* Roboto-BoldItalic.ttf in Resources */ = {isa = PBXBuildFile; fileRef = 5CA0D80D25E4389200C3AB17 /* Roboto-BoldItalic.ttf */; };
		5CA0D81725E4389200C3AB17 /* Roboto-Italic.ttf in Resources */ = {isa = PBXBuildFile; fileRef = 5CA0D80E25E4389200C3AB17 /* Roboto-Italic.ttf */; };
		5CA0D81825E4389200C3AB17 /* Roboto-Bold.ttf in Resources */ = {isa = PBXBuildFile; fileRef = 5CA0D80F25E4389200C3AB17 /* Roboto-Bold.ttf */; };
		5CA0D81925E4389200C3AB17 /* Preview Assets.xcassets in Resources */ = {isa = PBXBuildFile; fileRef = 5CA0D81125E4389200C3AB17 /* Preview Assets.xcassets */; };
		5CA0D83525E43A7F00C3AB17 /* NavigationConfigurator.swift in Sources */ = {isa = PBXBuildFile; fileRef = 5CA0D83425E43A7F00C3AB17 /* NavigationConfigurator.swift */; };
		5CA0D83C25E4415F00C3AB17 /* Pokemon.swift in Sources */ = {isa = PBXBuildFile; fileRef = 5CA0D83B25E4415F00C3AB17 /* Pokemon.swift */; };
		5CA0D84225E4421A00C3AB17 /* APIClient.swift in Sources */ = {isa = PBXBuildFile; fileRef = 5CA0D84125E4421A00C3AB17 /* APIClient.swift */; };
		5CA0D84925E443E700C3AB17 /* GenerationClient.swift in Sources */ = {isa = PBXBuildFile; fileRef = 5CA0D84825E443E700C3AB17 /* GenerationClient.swift */; };
		5CA0D84E25E4458600C3AB17 /* Generation.swift in Sources */ = {isa = PBXBuildFile; fileRef = 5CA0D84D25E4458600C3AB17 /* Generation.swift */; };
		5CA0D85725E447AD00C3AB17 /* Language.swift in Sources */ = {isa = PBXBuildFile; fileRef = 5CA0D85625E447AD00C3AB17 /* Language.swift */; };
		5CA0D86425E449F800C3AB17 /* Region.swift in Sources */ = {isa = PBXBuildFile; fileRef = 5CA0D86325E449F800C3AB17 /* Region.swift */; };
		5CA0D87625E454E100C3AB17 /* PokemonView.swift in Sources */ = {isa = PBXBuildFile; fileRef = 5CA0D87525E454E100C3AB17 /* PokemonView.swift */; };
		5CA0D87F25E4558900C3AB17 /* SDWebImageSwiftUI in Frameworks */ = {isa = PBXBuildFile; productRef = 5CA0D87E25E4558900C3AB17 /* SDWebImageSwiftUI */; };
/* End PBXBuildFile section */

/* Begin PBXContainerItemProxy section */
		5C922FBD25E436C200CF70E2 /* PBXContainerItemProxy */ = {
			isa = PBXContainerItemProxy;
			containerPortal = 5C922F9E25E436C100CF70E2 /* Project object */;
			proxyType = 1;
			remoteGlobalIDString = 5C922FA525E436C100CF70E2;
			remoteInfo = CondorLabs;
		};
		5C922FC825E436C200CF70E2 /* PBXContainerItemProxy */ = {
			isa = PBXContainerItemProxy;
			containerPortal = 5C922F9E25E436C100CF70E2 /* Project object */;
			proxyType = 1;
			remoteGlobalIDString = 5C922FA525E436C100CF70E2;
			remoteInfo = CondorLabs;
		};
/* End PBXContainerItemProxy section */

/* Begin PBXFileReference section */
		5C3F067C25E66B3300FE1CEE /* RealmConfig.swift */ = {isa = PBXFileReference; lastKnownFileType = sourcecode.swift; path = RealmConfig.swift; sourceTree = "<group>"; };
		5C3F068F25E6703E00FE1CEE /* PokemonDB.swift */ = {isa = PBXFileReference; lastKnownFileType = sourcecode.swift; path = PokemonDB.swift; sourceTree = "<group>"; };
		5C3F069525E670C700FE1CEE /* PokemonEntity.swift */ = {isa = PBXFileReference; lastKnownFileType = sourcecode.swift; path = PokemonEntity.swift; sourceTree = "<group>"; };
		5C3F069B25E674CF00FE1CEE /* Realm.swift */ = {isa = PBXFileReference; lastKnownFileType = sourcecode.swift; path = Realm.swift; sourceTree = "<group>"; };
		5C3F06B725E68D3200FE1CEE /* SearchBar.swift */ = {isa = PBXFileReference; lastKnownFileType = sourcecode.swift; path = SearchBar.swift; sourceTree = "<group>"; };
		5C3F06BD25E6974300FE1CEE /* EmptyStateView.swift */ = {isa = PBXFileReference; lastKnownFileType = sourcecode.swift; path = EmptyStateView.swift; sourceTree = "<group>"; };
		5C63760225E6BE8B00C2DD87 /* GenerationViewModelTests.swift */ = {isa = PBXFileReference; lastKnownFileType = sourcecode.swift; path = GenerationViewModelTests.swift; sourceTree = "<group>"; };
		5C638E0B25E51BE30024E63F /* Pokemon Hollow.ttf */ = {isa = PBXFileReference; lastKnownFileType = file; path = "Pokemon Hollow.ttf"; sourceTree = "<group>"; };
		5C638E0C25E51BE30024E63F /* Pokemon Solid.ttf */ = {isa = PBXFileReference; lastKnownFileType = file; path = "Pokemon Solid.ttf"; sourceTree = "<group>"; };
		5C638E1F25E528BC0024E63F /* GenerationSegment.swift */ = {isa = PBXFileReference; lastKnownFileType = sourcecode.swift; path = GenerationSegment.swift; sourceTree = "<group>"; };
		5C638E2825E537900024E63F /* PokemonDetailView.swift */ = {isa = PBXFileReference; lastKnownFileType = sourcecode.swift; path = PokemonDetailView.swift; sourceTree = "<group>"; };
		5C638E3025E53EBD0024E63F /* PokemonDetailViewModel.swift */ = {isa = PBXFileReference; lastKnownFileType = sourcecode.swift; path = PokemonDetailViewModel.swift; sourceTree = "<group>"; };
		5C638E3525E53F4D0024E63F /* PokemonDetail.swift */ = {isa = PBXFileReference; lastKnownFileType = sourcecode.swift; path = PokemonDetail.swift; sourceTree = "<group>"; };
		5C638E3B25E544C30024E63F /* PokemonClient.swift */ = {isa = PBXFileReference; lastKnownFileType = sourcecode.swift; path = PokemonClient.swift; sourceTree = "<group>"; };
		5C638E4125E548550024E63F /* TypeColor.swift */ = {isa = PBXFileReference; lastKnownFileType = sourcecode.swift; path = TypeColor.swift; sourceTree = "<group>"; };
		5C638E4725E553430024E63F /* String.swift */ = {isa = PBXFileReference; lastKnownFileType = sourcecode.swift; path = String.swift; sourceTree = "<group>"; };
		5C638E5325E55B460024E63F /* MoveView.swift */ = {isa = PBXFileReference; lastKnownFileType = sourcecode.swift; path = MoveView.swift; sourceTree = "<group>"; };
		5C638E5825E55B580024E63F /* MoveViewModel.swift */ = {isa = PBXFileReference; lastKnownFileType = sourcecode.swift; path = MoveViewModel.swift; sourceTree = "<group>"; };
		5C638E5D25E55BC70024E63F /* Move.swift */ = {isa = PBXFileReference; lastKnownFileType = sourcecode.swift; path = Move.swift; sourceTree = "<group>"; };
		5C638E6225E569840024E63F /* PokemonSegment.swift */ = {isa = PBXFileReference; lastKnownFileType = sourcecode.swift; path = PokemonSegment.swift; sourceTree = "<group>"; };
		5C638E6825E57B4C0024E63F /* Device.swift */ = {isa = PBXFileReference; lastKnownFileType = sourcecode.swift; path = Device.swift; sourceTree = "<group>"; };
		5C638E7E25E589110024E63F /* VoteView.swift */ = {isa = PBXFileReference; lastKnownFileType = sourcecode.swift; path = VoteView.swift; sourceTree = "<group>"; };
		5C638E8725E5893B0024E63F /* PokeCardView.swift */ = {isa = PBXFileReference; lastKnownFileType = sourcecode.swift; path = PokeCardView.swift; sourceTree = "<group>"; };
		5C638E8C25E58C440024E63F /* PokeCardViewModel.swift */ = {isa = PBXFileReference; lastKnownFileType = sourcecode.swift; path = PokeCardViewModel.swift; sourceTree = "<group>"; };
		5C638E9125E58FC40024E63F /* VoteViewModel.swift */ = {isa = PBXFileReference; lastKnownFileType = sourcecode.swift; path = VoteViewModel.swift; sourceTree = "<group>"; };
		5C638E9725E591920024E63F /* Collection.swift */ = {isa = PBXFileReference; lastKnownFileType = sourcecode.swift; path = Collection.swift; sourceTree = "<group>"; };
		5C922FA625E436C100CF70E2 /* CondorLabs.app */ = {isa = PBXFileReference; explicitFileType = wrapper.application; includeInIndex = 0; path = CondorLabs.app; sourceTree = BUILT_PRODUCTS_DIR; };
		5C922FA925E436C100CF70E2 /* AppDelegate.swift */ = {isa = PBXFileReference; lastKnownFileType = sourcecode.swift; path = AppDelegate.swift; sourceTree = "<group>"; };
		5C922FAB25E436C100CF70E2 /* SceneDelegate.swift */ = {isa = PBXFileReference; lastKnownFileType = sourcecode.swift; path = SceneDelegate.swift; sourceTree = "<group>"; };
		5C922FB725E436C100CF70E2 /* Info.plist */ = {isa = PBXFileReference; lastKnownFileType = text.plist.xml; path = Info.plist; sourceTree = "<group>"; };
		5C922FBC25E436C200CF70E2 /* CondorLabsTests.xctest */ = {isa = PBXFileReference; explicitFileType = wrapper.cfbundle; includeInIndex = 0; path = CondorLabsTests.xctest; sourceTree = BUILT_PRODUCTS_DIR; };
		5C922FC225E436C200CF70E2 /* Info.plist */ = {isa = PBXFileReference; lastKnownFileType = text.plist.xml; path = Info.plist; sourceTree = "<group>"; };
		5C922FC725E436C200CF70E2 /* CondorLabsUITests.xctest */ = {isa = PBXFileReference; explicitFileType = wrapper.cfbundle; includeInIndex = 0; path = CondorLabsUITests.xctest; sourceTree = BUILT_PRODUCTS_DIR; };
		5C922FCB25E436C200CF70E2 /* CondorLabsUITests.swift */ = {isa = PBXFileReference; lastKnownFileType = sourcecode.swift; path = CondorLabsUITests.swift; sourceTree = "<group>"; };
		5C922FCD25E436C200CF70E2 /* Info.plist */ = {isa = PBXFileReference; lastKnownFileType = text.plist.xml; path = Info.plist; sourceTree = "<group>"; };
		5CA0D7D725E4379600C3AB17 /* NavigationModifier.swift */ = {isa = PBXFileReference; fileEncoding = 4; lastKnownFileType = sourcecode.swift; path = NavigationModifier.swift; sourceTree = "<group>"; };
		5CA0D7D925E4379600C3AB17 /* Font.swift */ = {isa = PBXFileReference; fileEncoding = 4; lastKnownFileType = sourcecode.swift; path = Font.swift; sourceTree = "<group>"; };
		5CA0D7DB25E4379600C3AB17 /* GenerationView.swift */ = {isa = PBXFileReference; fileEncoding = 4; lastKnownFileType = sourcecode.swift; path = GenerationView.swift; sourceTree = "<group>"; };
		5CA0D7DC25E4379600C3AB17 /* GenerationViewModel.swift */ = {isa = PBXFileReference; fileEncoding = 4; lastKnownFileType = sourcecode.swift; path = GenerationViewModel.swift; sourceTree = "<group>"; };
		5CA0D7DE25E4379600C3AB17 /* Constant.swift */ = {isa = PBXFileReference; fileEncoding = 4; lastKnownFileType = sourcecode.swift; path = Constant.swift; sourceTree = "<group>"; };
		5CA0D7E125E4379600C3AB17 /* Color.swift */ = {isa = PBXFileReference; fileEncoding = 4; lastKnownFileType = sourcecode.swift; path = Color.swift; sourceTree = "<group>"; };
		5CA0D7F825E4384A00C3AB17 /* Base */ = {isa = PBXFileReference; lastKnownFileType = file.storyboard; name = Base; path = "Base.lproj/Launch Screen.storyboard"; sourceTree = "<group>"; };
		5CA0D80025E4386900C3AB17 /* Assets.xcassets */ = {isa = PBXFileReference; lastKnownFileType = folder.assetcatalog; path = Assets.xcassets; sourceTree = "<group>"; };
		5CA0D80925E4389100C3AB17 /* Roboto-Medium.ttf */ = {isa = PBXFileReference; lastKnownFileType = file; path = "Roboto-Medium.ttf"; sourceTree = "<group>"; };
		5CA0D80A25E4389200C3AB17 /* Roboto-Light.ttf */ = {isa = PBXFileReference; lastKnownFileType = file; path = "Roboto-Light.ttf"; sourceTree = "<group>"; };
		5CA0D80B25E4389200C3AB17 /* Roboto-Regular.ttf */ = {isa = PBXFileReference; lastKnownFileType = file; path = "Roboto-Regular.ttf"; sourceTree = "<group>"; };
		5CA0D80C25E4389200C3AB17 /* FuturaMediumBT.ttf */ = {isa = PBXFileReference; lastKnownFileType = file; path = FuturaMediumBT.ttf; sourceTree = "<group>"; };
		5CA0D80D25E4389200C3AB17 /* Roboto-BoldItalic.ttf */ = {isa = PBXFileReference; lastKnownFileType = file; path = "Roboto-BoldItalic.ttf"; sourceTree = "<group>"; };
		5CA0D80E25E4389200C3AB17 /* Roboto-Italic.ttf */ = {isa = PBXFileReference; lastKnownFileType = file; path = "Roboto-Italic.ttf"; sourceTree = "<group>"; };
		5CA0D80F25E4389200C3AB17 /* Roboto-Bold.ttf */ = {isa = PBXFileReference; lastKnownFileType = file; path = "Roboto-Bold.ttf"; sourceTree = "<group>"; };
		5CA0D81125E4389200C3AB17 /* Preview Assets.xcassets */ = {isa = PBXFileReference; lastKnownFileType = folder.assetcatalog; path = "Preview Assets.xcassets"; sourceTree = "<group>"; };
		5CA0D83425E43A7F00C3AB17 /* NavigationConfigurator.swift */ = {isa = PBXFileReference; lastKnownFileType = sourcecode.swift; path = NavigationConfigurator.swift; sourceTree = "<group>"; };
		5CA0D83B25E4415F00C3AB17 /* Pokemon.swift */ = {isa = PBXFileReference; lastKnownFileType = sourcecode.swift; path = Pokemon.swift; sourceTree = "<group>"; };
		5CA0D84125E4421A00C3AB17 /* APIClient.swift */ = {isa = PBXFileReference; lastKnownFileType = sourcecode.swift; path = APIClient.swift; sourceTree = "<group>"; };
		5CA0D84825E443E700C3AB17 /* GenerationClient.swift */ = {isa = PBXFileReference; lastKnownFileType = sourcecode.swift; path = GenerationClient.swift; sourceTree = "<group>"; };
		5CA0D84D25E4458600C3AB17 /* Generation.swift */ = {isa = PBXFileReference; lastKnownFileType = sourcecode.swift; path = Generation.swift; sourceTree = "<group>"; };
		5CA0D85625E447AD00C3AB17 /* Language.swift */ = {isa = PBXFileReference; lastKnownFileType = sourcecode.swift; path = Language.swift; sourceTree = "<group>"; };
		5CA0D86325E449F800C3AB17 /* Region.swift */ = {isa = PBXFileReference; lastKnownFileType = sourcecode.swift; path = Region.swift; sourceTree = "<group>"; };
		5CA0D87525E454E100C3AB17 /* PokemonView.swift */ = {isa = PBXFileReference; lastKnownFileType = sourcecode.swift; path = PokemonView.swift; sourceTree = "<group>"; };
/* End PBXFileReference section */

/* Begin PBXFrameworksBuildPhase section */
		5C922FA325E436C100CF70E2 /* Frameworks */ = {
			isa = PBXFrameworksBuildPhase;
			buildActionMask = 2147483647;
			files = (
				5C638E7925E5888C0024E63F /* RealmSwift in Frameworks */,
				5C638E7725E5888C0024E63F /* Realm in Frameworks */,
				5CA0D87F25E4558900C3AB17 /* SDWebImageSwiftUI in Frameworks */,
			);
			runOnlyForDeploymentPostprocessing = 0;
		};
		5C922FB925E436C200CF70E2 /* Frameworks */ = {
			isa = PBXFrameworksBuildPhase;
			buildActionMask = 2147483647;
			files = (
			);
			runOnlyForDeploymentPostprocessing = 0;
		};
		5C922FC425E436C200CF70E2 /* Frameworks */ = {
			isa = PBXFrameworksBuildPhase;
			buildActionMask = 2147483647;
			files = (
			);
			runOnlyForDeploymentPostprocessing = 0;
		};
/* End PBXFrameworksBuildPhase section */

/* Begin PBXGroup section */
		5C3F067B25E66B1C00FE1CEE /* Realm */ = {
			isa = PBXGroup;
			children = (
				5C3F067C25E66B3300FE1CEE /* RealmConfig.swift */,
			);
			path = Realm;
			sourceTree = "<group>";
		};
		5C3F068D25E6702300FE1CEE /* DB */ = {
			isa = PBXGroup;
			children = (
				5C3F069425E670BA00FE1CEE /* Entities */,
				5C3F068E25E6703100FE1CEE /* Pokemon */,
			);
			path = DB;
			sourceTree = "<group>";
		};
		5C3F068E25E6703100FE1CEE /* Pokemon */ = {
			isa = PBXGroup;
			children = (
				5C3F068F25E6703E00FE1CEE /* PokemonDB.swift */,
			);
			path = Pokemon;
			sourceTree = "<group>";
		};
		5C3F069425E670BA00FE1CEE /* Entities */ = {
			isa = PBXGroup;
			children = (
				5C3F069525E670C700FE1CEE /* PokemonEntity.swift */,
			);
			path = Entities;
			sourceTree = "<group>";
		};
		5C3F069A25E674C800FE1CEE /* Realm */ = {
			isa = PBXGroup;
			children = (
				5C3F069B25E674CF00FE1CEE /* Realm.swift */,
			);
			path = Realm;
			sourceTree = "<group>";
		};
		5C3F06B625E68D2200FE1CEE /* SearchBar */ = {
			isa = PBXGroup;
			children = (
				5C3F06B725E68D3200FE1CEE /* SearchBar.swift */,
			);
			path = SearchBar;
			sourceTree = "<group>";
		};
		5C3F06BC25E6973B00FE1CEE /* Empty */ = {
			isa = PBXGroup;
			children = (
				5C3F06BD25E6974300FE1CEE /* EmptyStateView.swift */,
			);
			path = Empty;
			sourceTree = "<group>";
		};
		5C6375AC25E69E8700C2DD87 /* ViewModel */ = {
			isa = PBXGroup;
			children = (
				5C63760225E6BE8B00C2DD87 /* GenerationViewModelTests.swift */,
			);
			path = ViewModel;
			sourceTree = "<group>";
		};
		5C638E1525E5289A0024E63F /* Segment */ = {
			isa = PBXGroup;
			children = (
				5C638E1F25E528BC0024E63F /* GenerationSegment.swift */,
				5C638E6225E569840024E63F /* PokemonSegment.swift */,
			);
			path = Segment;
			sourceTree = "<group>";
		};
		5C638E2725E537760024E63F /* Pokemon */ = {
			isa = PBXGroup;
			children = (
				5C638E4F25E55B270024E63F /* Move */,
				5C638E2825E537900024E63F /* PokemonDetailView.swift */,
				5C638E3025E53EBD0024E63F /* PokemonDetailViewModel.swift */,
			);
			path = Pokemon;
			sourceTree = "<group>";
		};
		5C638E3A25E544B10024E63F /* Pokemon */ = {
			isa = PBXGroup;
			children = (
				5C638E3B25E544C30024E63F /* PokemonClient.swift */,
			);
			path = Pokemon;
			sourceTree = "<group>";
		};
		5C638E4625E553370024E63F /* String */ = {
			isa = PBXGroup;
			children = (
				5C638E4725E553430024E63F /* String.swift */,
			);
			path = String;
			sourceTree = "<group>";
		};
		5C638E4F25E55B270024E63F /* Move */ = {
			isa = PBXGroup;
			children = (
				5C638E5325E55B460024E63F /* MoveView.swift */,
				5C638E5825E55B580024E63F /* MoveViewModel.swift */,
			);
			path = Move;
			sourceTree = "<group>";
		};
		5C638E6725E57B440024E63F /* Device */ = {
			isa = PBXGroup;
			children = (
				5C638E6825E57B4C0024E63F /* Device.swift */,
			);
			path = Device;
			sourceTree = "<group>";
		};
		5C638E7D25E589040024E63F /* Vote */ = {
			isa = PBXGroup;
			children = (
				5C638E8625E589300024E63F /* Card */,
				5C638E7E25E589110024E63F /* VoteView.swift */,
				5C638E9125E58FC40024E63F /* VoteViewModel.swift */,
			);
			path = Vote;
			sourceTree = "<group>";
		};
		5C638E8625E589300024E63F /* Card */ = {
			isa = PBXGroup;
			children = (
				5C638E8725E5893B0024E63F /* PokeCardView.swift */,
				5C638E8C25E58C440024E63F /* PokeCardViewModel.swift */,
			);
			path = Card;
			sourceTree = "<group>";
		};
		5C638E9625E591880024E63F /* Collection */ = {
			isa = PBXGroup;
			children = (
				5C638E9725E591920024E63F /* Collection.swift */,
			);
			path = Collection;
			sourceTree = "<group>";
		};
		5C922F9D25E436C100CF70E2 = {
			isa = PBXGroup;
			children = (
				5C922FA825E436C100CF70E2 /* CondorLabs */,
				5C922FBF25E436C200CF70E2 /* CondorLabsTests */,
				5C922FCA25E436C200CF70E2 /* CondorLabsUITests */,
				5C922FA725E436C100CF70E2 /* Products */,
			);
			sourceTree = "<group>";
		};
		5C922FA725E436C100CF70E2 /* Products */ = {
			isa = PBXGroup;
			children = (
				5C922FA625E436C100CF70E2 /* CondorLabs.app */,
				5C922FBC25E436C200CF70E2 /* CondorLabsTests.xctest */,
				5C922FC725E436C200CF70E2 /* CondorLabsUITests.xctest */,
			);
			name = Products;
			sourceTree = "<group>";
		};
		5C922FA825E436C100CF70E2 /* CondorLabs */ = {
			isa = PBXGroup;
			children = (
				5CA0D7DD25E4379600C3AB17 /* Constant */,
				5CA0D83225E43A6900C3AB17 /* Config */,
				5CA0D7DF25E4379600C3AB17 /* Extension */,
				5CA0D7D325E4379600C3AB17 /* UI */,
				5CA0D83925E43F4500C3AB17 /* Models */,
				5CA0D84025E441ED00C3AB17 /* API */,
				5C3F068D25E6702300FE1CEE /* DB */,
				5CA0D7EE25E437D000C3AB17 /* Supporting Files */,
				5C922FA925E436C100CF70E2 /* AppDelegate.swift */,
				5C922FAB25E436C100CF70E2 /* SceneDelegate.swift */,
			);
			path = CondorLabs;
			sourceTree = "<group>";
		};
		5C922FBF25E436C200CF70E2 /* CondorLabsTests */ = {
			isa = PBXGroup;
			children = (
				5C6375AC25E69E8700C2DD87 /* ViewModel */,
				5C922FC225E436C200CF70E2 /* Info.plist */,
			);
			path = CondorLabsTests;
			sourceTree = "<group>";
		};
		5C922FCA25E436C200CF70E2 /* CondorLabsUITests */ = {
			isa = PBXGroup;
			children = (
				5C922FCB25E436C200CF70E2 /* CondorLabsUITests.swift */,
				5C922FCD25E436C200CF70E2 /* Info.plist */,
			);
			path = CondorLabsUITests;
			sourceTree = "<group>";
		};
		5CA0D7D325E4379600C3AB17 /* UI */ = {
			isa = PBXGroup;
			children = (
				5CA0D7D425E4379600C3AB17 /* Component */,
				5CA0D7DA25E4379600C3AB17 /* Generation */,
				5C638E2725E537760024E63F /* Pokemon */,
				5C638E7D25E589040024E63F /* Vote */,
			);
			path = UI;
			sourceTree = "<group>";
		};
		5CA0D7D425E4379600C3AB17 /* Component */ = {
			isa = PBXGroup;
			children = (
				5C3F06BC25E6973B00FE1CEE /* Empty */,
				5C3F06B625E68D2200FE1CEE /* SearchBar */,
				5CA0D7D525E4379600C3AB17 /* Modifier */,
			);
			path = Component;
			sourceTree = "<group>";
		};
		5CA0D7D525E4379600C3AB17 /* Modifier */ = {
			isa = PBXGroup;
			children = (
				5CA0D7D625E4379600C3AB17 /* Navigation */,
				5CA0D7D825E4379600C3AB17 /* Font */,
			);
			path = Modifier;
			sourceTree = "<group>";
		};
		5CA0D7D625E4379600C3AB17 /* Navigation */ = {
			isa = PBXGroup;
			children = (
				5CA0D7D725E4379600C3AB17 /* NavigationModifier.swift */,
			);
			path = Navigation;
			sourceTree = "<group>";
		};
		5CA0D7D825E4379600C3AB17 /* Font */ = {
			isa = PBXGroup;
			children = (
				5CA0D7D925E4379600C3AB17 /* Font.swift */,
			);
			path = Font;
			sourceTree = "<group>";
		};
		5CA0D7DA25E4379600C3AB17 /* Generation */ = {
			isa = PBXGroup;
			children = (
				5CA0D87425E454D400C3AB17 /* Pokemon */,
				5CA0D7DB25E4379600C3AB17 /* GenerationView.swift */,
				5CA0D7DC25E4379600C3AB17 /* GenerationViewModel.swift */,
			);
			path = Generation;
			sourceTree = "<group>";
		};
		5CA0D7DD25E4379600C3AB17 /* Constant */ = {
			isa = PBXGroup;
			children = (
				5CA0D7DE25E4379600C3AB17 /* Constant.swift */,
			);
			path = Constant;
			sourceTree = "<group>";
		};
		5CA0D7DF25E4379600C3AB17 /* Extension */ = {
			isa = PBXGroup;
			children = (
				5C3F069A25E674C800FE1CEE /* Realm */,
				5C638E9625E591880024E63F /* Collection */,
				5C638E6725E57B440024E63F /* Device */,
				5C638E4625E553370024E63F /* String */,
				5CA0D7E025E4379600C3AB17 /* Color */,
			);
			path = Extension;
			sourceTree = "<group>";
		};
		5CA0D7E025E4379600C3AB17 /* Color */ = {
			isa = PBXGroup;
			children = (
				5CA0D7E125E4379600C3AB17 /* Color.swift */,
			);
			path = Color;
			sourceTree = "<group>";
		};
		5CA0D7EE25E437D000C3AB17 /* Supporting Files */ = {
			isa = PBXGroup;
			children = (
				5CA0D80825E4389100C3AB17 /* Font */,
				5CA0D81025E4389200C3AB17 /* Preview Content */,
				5CA0D80025E4386900C3AB17 /* Assets.xcassets */,
				5CA0D7F725E4384A00C3AB17 /* Launch Screen.storyboard */,
				5C922FB725E436C100CF70E2 /* Info.plist */,
			);
			path = "Supporting Files";
			sourceTree = "<group>";
		};
		5CA0D80825E4389100C3AB17 /* Font */ = {
			isa = PBXGroup;
			children = (
				5C638E0B25E51BE30024E63F /* Pokemon Hollow.ttf */,
				5C638E0C25E51BE30024E63F /* Pokemon Solid.ttf */,
				5CA0D80925E4389100C3AB17 /* Roboto-Medium.ttf */,
				5CA0D80A25E4389200C3AB17 /* Roboto-Light.ttf */,
				5CA0D80B25E4389200C3AB17 /* Roboto-Regular.ttf */,
				5CA0D80C25E4389200C3AB17 /* FuturaMediumBT.ttf */,
				5CA0D80D25E4389200C3AB17 /* Roboto-BoldItalic.ttf */,
				5CA0D80E25E4389200C3AB17 /* Roboto-Italic.ttf */,
				5CA0D80F25E4389200C3AB17 /* Roboto-Bold.ttf */,
			);
			path = Font;
			sourceTree = "<group>";
		};
		5CA0D81025E4389200C3AB17 /* Preview Content */ = {
			isa = PBXGroup;
			children = (
				5CA0D81125E4389200C3AB17 /* Preview Assets.xcassets */,
			);
			path = "Preview Content";
			sourceTree = "<group>";
		};
		5CA0D83225E43A6900C3AB17 /* Config */ = {
			isa = PBXGroup;
			children = (
				5C3F067B25E66B1C00FE1CEE /* Realm */,
				5CA0D83325E43A7500C3AB17 /* Navigation */,
			);
			path = Config;
			sourceTree = "<group>";
		};
		5CA0D83325E43A7500C3AB17 /* Navigation */ = {
			isa = PBXGroup;
			children = (
				5CA0D83425E43A7F00C3AB17 /* NavigationConfigurator.swift */,
			);
			path = Navigation;
			sourceTree = "<group>";
		};
		5CA0D83925E43F4500C3AB17 /* Models */ = {
			isa = PBXGroup;
			children = (
				5C638E1525E5289A0024E63F /* Segment */,
				5CA0D86225E449EE00C3AB17 /* Region */,
				5CA0D85B25E447CD00C3AB17 /* Language */,
				5CA0D85525E4479F00C3AB17 /* Generation */,
				5CA0D83A25E43F5800C3AB17 /* Pokemon */,
			);
			path = Models;
			sourceTree = "<group>";
		};
		5CA0D83A25E43F5800C3AB17 /* Pokemon */ = {
			isa = PBXGroup;
			children = (
				5CA0D83B25E4415F00C3AB17 /* Pokemon.swift */,
				5C638E3525E53F4D0024E63F /* PokemonDetail.swift */,
				5C638E4125E548550024E63F /* TypeColor.swift */,
				5C638E5D25E55BC70024E63F /* Move.swift */,
			);
			path = Pokemon;
			sourceTree = "<group>";
		};
		5CA0D84025E441ED00C3AB17 /* API */ = {
			isa = PBXGroup;
			children = (
				5CA0D84625E443C300C3AB17 /* Client */,
				5CA0D84725E443CF00C3AB17 /* Generations */,
				5C638E3A25E544B10024E63F /* Pokemon */,
			);
			path = API;
			sourceTree = "<group>";
		};
		5CA0D84625E443C300C3AB17 /* Client */ = {
			isa = PBXGroup;
			children = (
				5CA0D84125E4421A00C3AB17 /* APIClient.swift */,
			);
			path = Client;
			sourceTree = "<group>";
		};
		5CA0D84725E443CF00C3AB17 /* Generations */ = {
			isa = PBXGroup;
			children = (
				5CA0D84825E443E700C3AB17 /* GenerationClient.swift */,
			);
			path = Generations;
			sourceTree = "<group>";
		};
		5CA0D85525E4479F00C3AB17 /* Generation */ = {
			isa = PBXGroup;
			children = (
				5CA0D84D25E4458600C3AB17 /* Generation.swift */,
			);
			path = Generation;
			sourceTree = "<group>";
		};
		5CA0D85B25E447CD00C3AB17 /* Language */ = {
			isa = PBXGroup;
			children = (
				5CA0D85625E447AD00C3AB17 /* Language.swift */,
			);
			path = Language;
			sourceTree = "<group>";
		};
		5CA0D86225E449EE00C3AB17 /* Region */ = {
			isa = PBXGroup;
			children = (
				5CA0D86325E449F800C3AB17 /* Region.swift */,
			);
			path = Region;
			sourceTree = "<group>";
		};
		5CA0D87425E454D400C3AB17 /* Pokemon */ = {
			isa = PBXGroup;
			children = (
				5CA0D87525E454E100C3AB17 /* PokemonView.swift */,
			);
			path = Pokemon;
			sourceTree = "<group>";
		};
/* End PBXGroup section */

/* Begin PBXNativeTarget section */
		5C922FA525E436C100CF70E2 /* CondorLabs */ = {
			isa = PBXNativeTarget;
			buildConfigurationList = 5C922FD025E436C200CF70E2 /* Build configuration list for PBXNativeTarget "CondorLabs" */;
			buildPhases = (
				5C922FA225E436C100CF70E2 /* Sources */,
				5C922FA325E436C100CF70E2 /* Frameworks */,
				5C922FA425E436C100CF70E2 /* Resources */,
			);
			buildRules = (
			);
			dependencies = (
			);
			name = CondorLabs;
			packageProductDependencies = (
				5CA0D87E25E4558900C3AB17 /* SDWebImageSwiftUI */,
				5C638E7625E5888C0024E63F /* Realm */,
				5C638E7825E5888C0024E63F /* RealmSwift */,
			);
			productName = CondorLabs;
			productReference = 5C922FA625E436C100CF70E2 /* CondorLabs.app */;
			productType = "com.apple.product-type.application";
		};
		5C922FBB25E436C200CF70E2 /* CondorLabsTests */ = {
			isa = PBXNativeTarget;
			buildConfigurationList = 5C922FD325E436C200CF70E2 /* Build configuration list for PBXNativeTarget "CondorLabsTests" */;
			buildPhases = (
				5C922FB825E436C200CF70E2 /* Sources */,
				5C922FB925E436C200CF70E2 /* Frameworks */,
				5C922FBA25E436C200CF70E2 /* Resources */,
			);
			buildRules = (
			);
			dependencies = (
				5C922FBE25E436C200CF70E2 /* PBXTargetDependency */,
			);
			name = CondorLabsTests;
			productName = CondorLabsTests;
			productReference = 5C922FBC25E436C200CF70E2 /* CondorLabsTests.xctest */;
			productType = "com.apple.product-type.bundle.unit-test";
		};
		5C922FC625E436C200CF70E2 /* CondorLabsUITests */ = {
			isa = PBXNativeTarget;
			buildConfigurationList = 5C922FD625E436C200CF70E2 /* Build configuration list for PBXNativeTarget "CondorLabsUITests" */;
			buildPhases = (
				5C922FC325E436C200CF70E2 /* Sources */,
				5C922FC425E436C200CF70E2 /* Frameworks */,
				5C922FC525E436C200CF70E2 /* Resources */,
			);
			buildRules = (
			);
			dependencies = (
				5C922FC925E436C200CF70E2 /* PBXTargetDependency */,
			);
			name = CondorLabsUITests;
			productName = CondorLabsUITests;
			productReference = 5C922FC725E436C200CF70E2 /* CondorLabsUITests.xctest */;
			productType = "com.apple.product-type.bundle.ui-testing";
		};
/* End PBXNativeTarget section */

/* Begin PBXProject section */
		5C922F9E25E436C100CF70E2 /* Project object */ = {
			isa = PBXProject;
			attributes = {
				LastSwiftUpdateCheck = 1240;
				LastUpgradeCheck = 1240;
				TargetAttributes = {
					5C922FA525E436C100CF70E2 = {
						CreatedOnToolsVersion = 12.4;
					};
					5C922FBB25E436C200CF70E2 = {
						CreatedOnToolsVersion = 12.4;
						TestTargetID = 5C922FA525E436C100CF70E2;
					};
					5C922FC625E436C200CF70E2 = {
						CreatedOnToolsVersion = 12.4;
						TestTargetID = 5C922FA525E436C100CF70E2;
					};
				};
			};
			buildConfigurationList = 5C922FA125E436C100CF70E2 /* Build configuration list for PBXProject "CondorLabs" */;
			compatibilityVersion = "Xcode 9.3";
			developmentRegion = en;
			hasScannedForEncodings = 0;
			knownRegions = (
				en,
				Base,
			);
			mainGroup = 5C922F9D25E436C100CF70E2;
			packageReferences = (
				5CA0D87D25E4558900C3AB17 /* XCRemoteSwiftPackageReference "SDWebImageSwiftUI" */,
				5C638E7525E5888C0024E63F /* XCRemoteSwiftPackageReference "realm-cocoa" */,
			);
			productRefGroup = 5C922FA725E436C100CF70E2 /* Products */;
			projectDirPath = "";
			projectRoot = "";
			targets = (
				5C922FA525E436C100CF70E2 /* CondorLabs */,
				5C922FBB25E436C200CF70E2 /* CondorLabsTests */,
				5C922FC625E436C200CF70E2 /* CondorLabsUITests */,
			);
		};
/* End PBXProject section */

/* Begin PBXResourcesBuildPhase section */
		5C922FA425E436C100CF70E2 /* Resources */ = {
			isa = PBXResourcesBuildPhase;
			buildActionMask = 2147483647;
			files = (
				5CA0D7F925E4384A00C3AB17 /* Launch Screen.storyboard in Resources */,
				5CA0D80125E4386900C3AB17 /* Assets.xcassets in Resources */,
				5CA0D81925E4389200C3AB17 /* Preview Assets.xcassets in Resources */,
				5C638E0D25E51BE30024E63F /* Pokemon Hollow.ttf in Resources */,
				5CA0D81525E4389200C3AB17 /* FuturaMediumBT.ttf in Resources */,
				5CA0D81425E4389200C3AB17 /* Roboto-Regular.ttf in Resources */,
				5CA0D81325E4389200C3AB17 /* Roboto-Light.ttf in Resources */,
				5CA0D81825E4389200C3AB17 /* Roboto-Bold.ttf in Resources */,
				5CA0D81725E4389200C3AB17 /* Roboto-Italic.ttf in Resources */,
				5C638E0E25E51BE30024E63F /* Pokemon Solid.ttf in Resources */,
				5CA0D81625E4389200C3AB17 /* Roboto-BoldItalic.ttf in Resources */,
				5CA0D81225E4389200C3AB17 /* Roboto-Medium.ttf in Resources */,
			);
			runOnlyForDeploymentPostprocessing = 0;
		};
		5C922FBA25E436C200CF70E2 /* Resources */ = {
			isa = PBXResourcesBuildPhase;
			buildActionMask = 2147483647;
			files = (
			);
			runOnlyForDeploymentPostprocessing = 0;
		};
		5C922FC525E436C200CF70E2 /* Resources */ = {
			isa = PBXResourcesBuildPhase;
			buildActionMask = 2147483647;
			files = (
			);
			runOnlyForDeploymentPostprocessing = 0;
		};
/* End PBXResourcesBuildPhase section */

/* Begin PBXSourcesBuildPhase section */
		5C922FA225E436C100CF70E2 /* Sources */ = {
			isa = PBXSourcesBuildPhase;
			buildActionMask = 2147483647;
			files = (
				5CA0D87625E454E100C3AB17 /* PokemonView.swift in Sources */,
				5C3F06BE25E6974300FE1CEE /* EmptyStateView.swift in Sources */,
				5C638E2025E528BC0024E63F /* GenerationSegment.swift in Sources */,
				5C638E4825E553430024E63F /* String.swift in Sources */,
				5C638E6325E569840024E63F /* PokemonSegment.swift in Sources */,
				5C638E5425E55B460024E63F /* MoveView.swift in Sources */,
				5C638E3625E53F4D0024E63F /* PokemonDetail.swift in Sources */,
				5C922FAA25E436C100CF70E2 /* AppDelegate.swift in Sources */,
				5C3F067D25E66B3300FE1CEE /* RealmConfig.swift in Sources */,
				5C3F069025E6703E00FE1CEE /* PokemonDB.swift in Sources */,
				5C922FAC25E436C100CF70E2 /* SceneDelegate.swift in Sources */,
				5CA0D7E425E4379600C3AB17 /* GenerationView.swift in Sources */,
				5C638E8825E5893B0024E63F /* PokeCardView.swift in Sources */,
				5CA0D86425E449F800C3AB17 /* Region.swift in Sources */,
				5CA0D7E625E4379600C3AB17 /* Constant.swift in Sources */,
				5CA0D7E325E4379600C3AB17 /* Font.swift in Sources */,
				5C3F06B825E68D3200FE1CEE /* SearchBar.swift in Sources */,
				5C638E3C25E544C30024E63F /* PokemonClient.swift in Sources */,
				5CA0D85725E447AD00C3AB17 /* Language.swift in Sources */,
				5C638E5925E55B580024E63F /* MoveViewModel.swift in Sources */,
				5CA0D84E25E4458600C3AB17 /* Generation.swift in Sources */,
				5C638E3125E53EBD0024E63F /* PokemonDetailViewModel.swift in Sources */,
				5C638E9825E591920024E63F /* Collection.swift in Sources */,
				5C638E5E25E55BC70024E63F /* Move.swift in Sources */,
				5CA0D84225E4421A00C3AB17 /* APIClient.swift in Sources */,
				5C638E6925E57B4C0024E63F /* Device.swift in Sources */,
				5C638E2925E537900024E63F /* PokemonDetailView.swift in Sources */,
				5CA0D83C25E4415F00C3AB17 /* Pokemon.swift in Sources */,
				5C638E7F25E589110024E63F /* VoteView.swift in Sources */,
				5C638E9225E58FC40024E63F /* VoteViewModel.swift in Sources */,
				5CA0D7E525E4379600C3AB17 /* GenerationViewModel.swift in Sources */,
				5CA0D84925E443E700C3AB17 /* GenerationClient.swift in Sources */,
				5CA0D7E225E4379600C3AB17 /* NavigationModifier.swift in Sources */,
				5C638E8D25E58C440024E63F /* PokeCardViewModel.swift in Sources */,
				5C3F069625E670C700FE1CEE /* PokemonEntity.swift in Sources */,
				5CA0D83525E43A7F00C3AB17 /* NavigationConfigurator.swift in Sources */,
				5CA0D7E725E4379600C3AB17 /* Color.swift in Sources */,
				5C3F069C25E674CF00FE1CEE /* Realm.swift in Sources */,
				5C638E4225E548550024E63F /* TypeColor.swift in Sources */,
			);
			runOnlyForDeploymentPostprocessing = 0;
		};
		5C922FB825E436C200CF70E2 /* Sources */ = {
			isa = PBXSourcesBuildPhase;
			buildActionMask = 2147483647;
			files = (
				5C6375B825E69FF800C2DD87 /* GenerationViewModel.swift in Sources */,
				5C6375F325E6B2F600C2DD87 /* APIClient.swift in Sources */,
				5C6375D325E6A54900C2DD87 /* GenerationSegment.swift in Sources */,
				5C6375DB25E6A58200C2DD87 /* PokemonDetail.swift in Sources */,
				5C6375CC25E6A0F600C2DD87 /* PokemonDB.swift in Sources */,
				5C6375E325E6A58D00C2DD87 /* Move.swift in Sources */,
				5C63760325E6BE8B00C2DD87 /* GenerationViewModelTests.swift in Sources */,
				5C6375D725E6A54B00C2DD87 /* PokemonSegment.swift in Sources */,
				5C6375C425E6A04600C2DD87 /* Language.swift in Sources */,
				5C6375EF25E6B2F000C2DD87 /* GenerationClient.swift in Sources */,
				5C6375BC25E6A02F00C2DD87 /* Generation.swift in Sources */,
				5C6375C025E6A03400C2DD87 /* Region.swift in Sources */,
				5C6375C825E6A04C00C2DD87 /* Pokemon.swift in Sources */,
				5C6375DF25E6A58B00C2DD87 /* TypeColor.swift in Sources */,
			);
			runOnlyForDeploymentPostprocessing = 0;
		};
		5C922FC325E436C200CF70E2 /* Sources */ = {
			isa = PBXSourcesBuildPhase;
			buildActionMask = 2147483647;
			files = (
				5C922FCC25E436C200CF70E2 /* CondorLabsUITests.swift in Sources */,
			);
			runOnlyForDeploymentPostprocessing = 0;
		};
/* End PBXSourcesBuildPhase section */

/* Begin PBXTargetDependency section */
		5C922FBE25E436C200CF70E2 /* PBXTargetDependency */ = {
			isa = PBXTargetDependency;
			target = 5C922FA525E436C100CF70E2 /* CondorLabs */;
			targetProxy = 5C922FBD25E436C200CF70E2 /* PBXContainerItemProxy */;
		};
		5C922FC925E436C200CF70E2 /* PBXTargetDependency */ = {
			isa = PBXTargetDependency;
			target = 5C922FA525E436C100CF70E2 /* CondorLabs */;
			targetProxy = 5C922FC825E436C200CF70E2 /* PBXContainerItemProxy */;
		};
/* End PBXTargetDependency section */

/* Begin PBXVariantGroup section */
		5CA0D7F725E4384A00C3AB17 /* Launch Screen.storyboard */ = {
			isa = PBXVariantGroup;
			children = (
				5CA0D7F825E4384A00C3AB17 /* Base */,
			);
			name = "Launch Screen.storyboard";
			sourceTree = "<group>";
		};
/* End PBXVariantGroup section */

/* Begin XCBuildConfiguration section */
		5C922FCE25E436C200CF70E2 /* Debug */ = {
			isa = XCBuildConfiguration;
			buildSettings = {
				ALWAYS_SEARCH_USER_PATHS = NO;
				CLANG_ANALYZER_NONNULL = YES;
				CLANG_ANALYZER_NUMBER_OBJECT_CONVERSION = YES_AGGRESSIVE;
				CLANG_CXX_LANGUAGE_STANDARD = "gnu++14";
				CLANG_CXX_LIBRARY = "libc++";
				CLANG_ENABLE_MODULES = YES;
				CLANG_ENABLE_OBJC_ARC = YES;
				CLANG_ENABLE_OBJC_WEAK = YES;
				CLANG_WARN_BLOCK_CAPTURE_AUTORELEASING = YES;
				CLANG_WARN_BOOL_CONVERSION = YES;
				CLANG_WARN_COMMA = YES;
				CLANG_WARN_CONSTANT_CONVERSION = YES;
				CLANG_WARN_DEPRECATED_OBJC_IMPLEMENTATIONS = YES;
				CLANG_WARN_DIRECT_OBJC_ISA_USAGE = YES_ERROR;
				CLANG_WARN_DOCUMENTATION_COMMENTS = YES;
				CLANG_WARN_EMPTY_BODY = YES;
				CLANG_WARN_ENUM_CONVERSION = YES;
				CLANG_WARN_INFINITE_RECURSION = YES;
				CLANG_WARN_INT_CONVERSION = YES;
				CLANG_WARN_NON_LITERAL_NULL_CONVERSION = YES;
				CLANG_WARN_OBJC_IMPLICIT_RETAIN_SELF = YES;
				CLANG_WARN_OBJC_LITERAL_CONVERSION = YES;
				CLANG_WARN_OBJC_ROOT_CLASS = YES_ERROR;
				CLANG_WARN_QUOTED_INCLUDE_IN_FRAMEWORK_HEADER = YES;
				CLANG_WARN_RANGE_LOOP_ANALYSIS = YES;
				CLANG_WARN_STRICT_PROTOTYPES = YES;
				CLANG_WARN_SUSPICIOUS_MOVE = YES;
				CLANG_WARN_UNGUARDED_AVAILABILITY = YES_AGGRESSIVE;
				CLANG_WARN_UNREACHABLE_CODE = YES;
				CLANG_WARN__DUPLICATE_METHOD_MATCH = YES;
				COPY_PHASE_STRIP = NO;
				DEBUG_INFORMATION_FORMAT = dwarf;
				ENABLE_STRICT_OBJC_MSGSEND = YES;
				ENABLE_TESTABILITY = YES;
				GCC_C_LANGUAGE_STANDARD = gnu11;
				GCC_DYNAMIC_NO_PIC = NO;
				GCC_NO_COMMON_BLOCKS = YES;
				GCC_OPTIMIZATION_LEVEL = 0;
				GCC_PREPROCESSOR_DEFINITIONS = (
					"DEBUG=1",
					"$(inherited)",
				);
				GCC_WARN_64_TO_32_BIT_CONVERSION = YES;
				GCC_WARN_ABOUT_RETURN_TYPE = YES_ERROR;
				GCC_WARN_UNDECLARED_SELECTOR = YES;
				GCC_WARN_UNINITIALIZED_AUTOS = YES_AGGRESSIVE;
				GCC_WARN_UNUSED_FUNCTION = YES;
				GCC_WARN_UNUSED_VARIABLE = YES;
				INFOPLIST_FILE = "CondorLabs/Supporting Files/Info.plist";
				IPHONEOS_DEPLOYMENT_TARGET = 14.4;
				MTL_ENABLE_DEBUG_INFO = INCLUDE_SOURCE;
				MTL_FAST_MATH = YES;
				ONLY_ACTIVE_ARCH = YES;
				SDKROOT = iphoneos;
				SWIFT_ACTIVE_COMPILATION_CONDITIONS = DEBUG;
				SWIFT_OPTIMIZATION_LEVEL = "-Onone";
			};
			name = Debug;
		};
		5C922FCF25E436C200CF70E2 /* Release */ = {
			isa = XCBuildConfiguration;
			buildSettings = {
				ALWAYS_SEARCH_USER_PATHS = NO;
				CLANG_ANALYZER_NONNULL = YES;
				CLANG_ANALYZER_NUMBER_OBJECT_CONVERSION = YES_AGGRESSIVE;
				CLANG_CXX_LANGUAGE_STANDARD = "gnu++14";
				CLANG_CXX_LIBRARY = "libc++";
				CLANG_ENABLE_MODULES = YES;
				CLANG_ENABLE_OBJC_ARC = YES;
				CLANG_ENABLE_OBJC_WEAK = YES;
				CLANG_WARN_BLOCK_CAPTURE_AUTORELEASING = YES;
				CLANG_WARN_BOOL_CONVERSION = YES;
				CLANG_WARN_COMMA = YES;
				CLANG_WARN_CONSTANT_CONVERSION = YES;
				CLANG_WARN_DEPRECATED_OBJC_IMPLEMENTATIONS = YES;
				CLANG_WARN_DIRECT_OBJC_ISA_USAGE = YES_ERROR;
				CLANG_WARN_DOCUMENTATION_COMMENTS = YES;
				CLANG_WARN_EMPTY_BODY = YES;
				CLANG_WARN_ENUM_CONVERSION = YES;
				CLANG_WARN_INFINITE_RECURSION = YES;
				CLANG_WARN_INT_CONVERSION = YES;
				CLANG_WARN_NON_LITERAL_NULL_CONVERSION = YES;
				CLANG_WARN_OBJC_IMPLICIT_RETAIN_SELF = YES;
				CLANG_WARN_OBJC_LITERAL_CONVERSION = YES;
				CLANG_WARN_OBJC_ROOT_CLASS = YES_ERROR;
				CLANG_WARN_QUOTED_INCLUDE_IN_FRAMEWORK_HEADER = YES;
				CLANG_WARN_RANGE_LOOP_ANALYSIS = YES;
				CLANG_WARN_STRICT_PROTOTYPES = YES;
				CLANG_WARN_SUSPICIOUS_MOVE = YES;
				CLANG_WARN_UNGUARDED_AVAILABILITY = YES_AGGRESSIVE;
				CLANG_WARN_UNREACHABLE_CODE = YES;
				CLANG_WARN__DUPLICATE_METHOD_MATCH = YES;
				COPY_PHASE_STRIP = NO;
				DEBUG_INFORMATION_FORMAT = "dwarf-with-dsym";
				ENABLE_NS_ASSERTIONS = NO;
				ENABLE_STRICT_OBJC_MSGSEND = YES;
				GCC_C_LANGUAGE_STANDARD = gnu11;
				GCC_NO_COMMON_BLOCKS = YES;
				GCC_WARN_64_TO_32_BIT_CONVERSION = YES;
				GCC_WARN_ABOUT_RETURN_TYPE = YES_ERROR;
				GCC_WARN_UNDECLARED_SELECTOR = YES;
				GCC_WARN_UNINITIALIZED_AUTOS = YES_AGGRESSIVE;
				GCC_WARN_UNUSED_FUNCTION = YES;
				GCC_WARN_UNUSED_VARIABLE = YES;
				INFOPLIST_FILE = "CondorLabs/Supporting Files/Info.plist";
				IPHONEOS_DEPLOYMENT_TARGET = 14.4;
				MTL_ENABLE_DEBUG_INFO = NO;
				MTL_FAST_MATH = YES;
				SDKROOT = iphoneos;
				SWIFT_COMPILATION_MODE = wholemodule;
				SWIFT_OPTIMIZATION_LEVEL = "-O";
				VALIDATE_PRODUCT = YES;
			};
			name = Release;
		};
		5C922FD125E436C200CF70E2 /* Debug */ = {
			isa = XCBuildConfiguration;
			buildSettings = {
				ASSETCATALOG_COMPILER_APPICON_NAME = AppIcon;
				ASSETCATALOG_COMPILER_GLOBAL_ACCENT_COLOR_NAME = AccentColor;
				CODE_SIGN_STYLE = Automatic;
				CURRENT_PROJECT_VERSION = 100;
				DEVELOPMENT_ASSET_PATHS = "\"CondorLabs/Supporting Files/Preview Content\"";
				DEVELOPMENT_TEAM = 283ED3996U;
				ENABLE_PREVIEWS = YES;
				LD_RUNPATH_SEARCH_PATHS = (
					"$(inherited)",
					"@executable_path/Frameworks",
				);
				MARKETING_VERSION = 1.0.0;
				PRODUCT_BUNDLE_IDENTIFIER = co.com.CondorLabs;
				PRODUCT_NAME = "$(TARGET_NAME)";
				SWIFT_VERSION = 5.0;
				TARGETED_DEVICE_FAMILY = "1,2";
			};
			name = Debug;
		};
		5C922FD225E436C200CF70E2 /* Release */ = {
			isa = XCBuildConfiguration;
			buildSettings = {
				ASSETCATALOG_COMPILER_APPICON_NAME = AppIcon;
				ASSETCATALOG_COMPILER_GLOBAL_ACCENT_COLOR_NAME = AccentColor;
				CODE_SIGN_STYLE = Automatic;
				CURRENT_PROJECT_VERSION = 100;
				DEVELOPMENT_ASSET_PATHS = "\"CondorLabs/Supporting Files/Preview Content\"";
				DEVELOPMENT_TEAM = 283ED3996U;
				ENABLE_PREVIEWS = YES;
				LD_RUNPATH_SEARCH_PATHS = (
					"$(inherited)",
					"@executable_path/Frameworks",
				);
				MARKETING_VERSION = 1.0.0;
				PRODUCT_BUNDLE_IDENTIFIER = co.com.CondorLabs;
				PRODUCT_NAME = "$(TARGET_NAME)";
				SWIFT_VERSION = 5.0;
				TARGETED_DEVICE_FAMILY = "1,2";
			};
			name = Release;
		};
		5C922FD425E436C200CF70E2 /* Debug */ = {
			isa = XCBuildConfiguration;
			buildSettings = {
				ALWAYS_EMBED_SWIFT_STANDARD_LIBRARIES = YES;
				BUNDLE_LOADER = "$(TEST_HOST)";
				CODE_SIGN_STYLE = Automatic;
				DEVELOPMENT_TEAM = 283ED3996U;
				INFOPLIST_FILE = CondorLabsTests/Info.plist;
				IPHONEOS_DEPLOYMENT_TARGET = 14.4;
				LD_RUNPATH_SEARCH_PATHS = (
					"$(inherited)",
					"@executable_path/Frameworks",
					"@loader_path/Frameworks",
				);
				PRODUCT_BUNDLE_IDENTIFIER = co.com.CondorLabsTests;
				PRODUCT_NAME = "$(TARGET_NAME)";
				SWIFT_VERSION = 5.0;
				TARGETED_DEVICE_FAMILY = "1,2";
				TEST_HOST = "$(BUILT_PRODUCTS_DIR)/CondorLabs.app/CondorLabs";
			};
			name = Debug;
		};
		5C922FD525E436C200CF70E2 /* Release */ = {
			isa = XCBuildConfiguration;
			buildSettings = {
				ALWAYS_EMBED_SWIFT_STANDARD_LIBRARIES = YES;
				BUNDLE_LOADER = "$(TEST_HOST)";
				CODE_SIGN_STYLE = Automatic;
				DEVELOPMENT_TEAM = 283ED3996U;
				INFOPLIST_FILE = CondorLabsTests/Info.plist;
				IPHONEOS_DEPLOYMENT_TARGET = 14.4;
				LD_RUNPATH_SEARCH_PATHS = (
					"$(inherited)",
					"@executable_path/Frameworks",
					"@loader_path/Frameworks",
				);
				PRODUCT_BUNDLE_IDENTIFIER = co.com.CondorLabsTests;
				PRODUCT_NAME = "$(TARGET_NAME)";
				SWIFT_VERSION = 5.0;
				TARGETED_DEVICE_FAMILY = "1,2";
				TEST_HOST = "$(BUILT_PRODUCTS_DIR)/CondorLabs.app/CondorLabs";
			};
			name = Release;
		};
		5C922FD725E436C200CF70E2 /* Debug */ = {
			isa = XCBuildConfiguration;
			buildSettings = {
				ALWAYS_EMBED_SWIFT_STANDARD_LIBRARIES = YES;
				CODE_SIGN_STYLE = Automatic;
				DEVELOPMENT_TEAM = 283ED3996U;
				INFOPLIST_FILE = CondorLabsUITests/Info.plist;
				LD_RUNPATH_SEARCH_PATHS = (
					"$(inherited)",
					"@executable_path/Frameworks",
					"@loader_path/Frameworks",
				);
				PRODUCT_BUNDLE_IDENTIFIER = co.com.CondorLabsUITests;
				PRODUCT_NAME = "$(TARGET_NAME)";
				SWIFT_VERSION = 5.0;
				TARGETED_DEVICE_FAMILY = "1,2";
				TEST_TARGET_NAME = CondorLabs;
			};
			name = Debug;
		};
		5C922FD825E436C200CF70E2 /* Release */ = {
			isa = XCBuildConfiguration;
			buildSettings = {
				ALWAYS_EMBED_SWIFT_STANDARD_LIBRARIES = YES;
				CODE_SIGN_STYLE = Automatic;
				DEVELOPMENT_TEAM = 283ED3996U;
				INFOPLIST_FILE = CondorLabsUITests/Info.plist;
				LD_RUNPATH_SEARCH_PATHS = (
					"$(inherited)",
					"@executable_path/Frameworks",
					"@loader_path/Frameworks",
				);
				PRODUCT_BUNDLE_IDENTIFIER = co.com.CondorLabsUITests;
				PRODUCT_NAME = "$(TARGET_NAME)";
				SWIFT_VERSION = 5.0;
				TARGETED_DEVICE_FAMILY = "1,2";
				TEST_TARGET_NAME = CondorLabs;
			};
			name = Release;
		};
/* End XCBuildConfiguration section */

/* Begin XCConfigurationList section */
		5C922FA125E436C100CF70E2 /* Build configuration list for PBXProject "CondorLabs" */ = {
			isa = XCConfigurationList;
			buildConfigurations = (
				5C922FCE25E436C200CF70E2 /* Debug */,
				5C922FCF25E436C200CF70E2 /* Release */,
			);
			defaultConfigurationIsVisible = 0;
			defaultConfigurationName = Release;
		};
		5C922FD025E436C200CF70E2 /* Build configuration list for PBXNativeTarget "CondorLabs" */ = {
			isa = XCConfigurationList;
			buildConfigurations = (
				5C922FD125E436C200CF70E2 /* Debug */,
				5C922FD225E436C200CF70E2 /* Release */,
			);
			defaultConfigurationIsVisible = 0;
			defaultConfigurationName = Release;
		};
		5C922FD325E436C200CF70E2 /* Build configuration list for PBXNativeTarget "CondorLabsTests" */ = {
			isa = XCConfigurationList;
			buildConfigurations = (
				5C922FD425E436C200CF70E2 /* Debug */,
				5C922FD525E436C200CF70E2 /* Release */,
			);
			defaultConfigurationIsVisible = 0;
			defaultConfigurationName = Release;
		};
		5C922FD625E436C200CF70E2 /* Build configuration list for PBXNativeTarget "CondorLabsUITests" */ = {
			isa = XCConfigurationList;
			buildConfigurations = (
				5C922FD725E436C200CF70E2 /* Debug */,
				5C922FD825E436C200CF70E2 /* Release */,
			);
			defaultConfigurationIsVisible = 0;
			defaultConfigurationName = Release;
		};
/* End XCConfigurationList section */

/* Begin XCRemoteSwiftPackageReference section */
		5C638E7525E5888C0024E63F /* XCRemoteSwiftPackageReference "realm-cocoa" */ = {
			isa = XCRemoteSwiftPackageReference;
			repositoryURL = "https://github.com/realm/realm-cocoa";
			requirement = {
				kind = upToNextMajorVersion;
				minimumVersion = 10.6.0;
			};
		};
		5CA0D87D25E4558900C3AB17 /* XCRemoteSwiftPackageReference "SDWebImageSwiftUI" */ = {
			isa = XCRemoteSwiftPackageReference;
			repositoryURL = "https://github.com/SDWebImage/SDWebImageSwiftUI";
			requirement = {
				kind = upToNextMajorVersion;
				minimumVersion = 1.5.0;
			};
		};
/* End XCRemoteSwiftPackageReference section */

/* Begin XCSwiftPackageProductDependency section */
		5C638E7625E5888C0024E63F /* Realm */ = {
			isa = XCSwiftPackageProductDependency;
			package = 5C638E7525E5888C0024E63F /* XCRemoteSwiftPackageReference "realm-cocoa" */;
			productName = Realm;
		};
		5C638E7825E5888C0024E63F /* RealmSwift */ = {
			isa = XCSwiftPackageProductDependency;
			package = 5C638E7525E5888C0024E63F /* XCRemoteSwiftPackageReference "realm-cocoa" */;
			productName = RealmSwift;
		};
		5CA0D87E25E4558900C3AB17 /* SDWebImageSwiftUI */ = {
			isa = XCSwiftPackageProductDependency;
			package = 5CA0D87D25E4558900C3AB17 /* XCRemoteSwiftPackageReference "SDWebImageSwiftUI" */;
			productName = SDWebImageSwiftUI;
		};
/* End XCSwiftPackageProductDependency section */
	};
	rootObject = 5C922F9E25E436C100CF70E2 /* Project object */;
}
